
Microsoft Visual Studio Solution File, Format Version 12.00
# Visual Studio Version 17
VisualStudioVersion = 17.4.33103.184
MinimumVisualStudioVersion = 10.0.40219.1
Project("{FAE04EC0-301F-11D3-BF4B-00C04F79EFBC}") = "NugetDemo", "NugetDemo\NugetDemo.csproj", "{3B1240F2-9108-485D-9F8A-51A83D0E0B42}"
EndProject
Global
	GlobalSection(SolutionConfigurationPlatforms) = preSolution
		Debug|Any CPU = Debug|Any CPU
		Release|Any CPU = Release|Any CPU
	EndGlobalSection
	GlobalSection(ProjectConfigurationPlatforms) = postSolution
		{3B1240F2-9108-485D-9F8A-51A83D0E0B42}.Debug|Any CPU.ActiveCfg = Debug|Any CPU
		{3B1240F2-9108-485D-9F8A-51A83D0E0B42}.Debug|Any CPU.Build.0 = Debug|Any CPU
		{3B1240F2-9108-485D-9F8A-51A83D0E0B42}.Release|Any CPU.ActiveCfg = Release|Any CPU
		{3B1240F2-9108-485D-9F8A-51A83D0E0B42}.Release|Any CPU.Build.0 = Release|Any CPU
	EndGlobalSection
	GlobalSection(SolutionProperties) = preSolution
		HideSolutionNode = FALSE
	EndGlobalSection
	GlobalSection(ExtensibilityGlobals) = postSolution
		SolutionGuid = {110AEB92-F75E-45AD-86C4-536ED3D16C23}
	EndGlobalSection
EndGlobal
